
Microsoft Visual Studio Solution File, Format Version 12.00
# Visual Studio Version 17
VisualStudioVersion = 17.5.002.0
MinimumVisualStudioVersion = 10.0.40219.1
Project("{9A19103F-16F7-4668-BE54-9A1E7A4F7556}") = "my-blazor-project", "my-blazor-project.csproj", "{19430B59-2B5C-41EA-A329-AE6B06F13B49}"
EndProject
Global
	GlobalSection(SolutionConfigurationPlatforms) = preSolution
		Debug|Any CPU = Debug|Any CPU
		Release|Any CPU = Release|Any CPU
	EndGlobalSection
	GlobalSection(ProjectConfigurationPlatforms) = postSolution
		{19430B59-2B5C-41EA-A329-AE6B06F13B49}.Debug|Any CPU.ActiveCfg = Debug|Any CPU
		{19430B59-2B5C-41EA-A329-AE6B06F13B49}.Debug|Any CPU.Build.0 = Debug|Any CPU
		{19430B59-2B5C-41EA-A329-AE6B06F13B49}.Release|Any CPU.ActiveCfg = Release|Any CPU
		{19430B59-2B5C-41EA-A329-AE6B06F13B49}.Release|Any CPU.Build.0 = Release|Any CPU
	EndGlobalSection
	GlobalSection(SolutionProperties) = preSolution
		HideSolutionNode = FALSE
	EndGlobalSection
	GlobalSection(ExtensibilityGlobals) = postSolution
		SolutionGuid = {369BD2E9-D286-40AE-9EFA-3229E759C6E1}
	EndGlobalSection
EndGlobal
